
Microsoft Visual Studio Solution File, Format Version 12.00
# Visual Studio Version 17
VisualStudioVersion = 17.13.35931.197
MinimumVisualStudioVersion = 10.0.40219.1
Project("{FAE04EC0-301F-11D3-BF4B-00C04F79EFBC}") = "CarShop.Tests", "CarShop.Tests\CarShop.Tests.csproj", "{A68DD201-B53D-4E05-957F-8D213570DABE}"
EndProject
Project("{FAE04EC0-301F-11D3-BF4B-00C04F79EFBC}") = "CarShop.Api", "CarShop.Api\CarShop.Api.csproj", "{0421AF76-0BCB-BFDF-40C1-2C58CCFA6E9C}"
EndProject
Global
	GlobalSection(SolutionConfigurationPlatforms) = preSolution
		Debug|Any CPU = Debug|Any CPU
		Release|Any CPU = Release|Any CPU
	EndGlobalSection
	GlobalSection(ProjectConfigurationPlatforms) = postSolution
		{A68DD201-B53D-4E05-957F-8D213570DABE}.Debug|Any CPU.ActiveCfg = Debug|Any CPU
		{A68DD201-B53D-4E05-957F-8D213570DABE}.Debug|Any CPU.Build.0 = Debug|Any CPU
		{A68DD201-B53D-4E05-957F-8D213570DABE}.Release|Any CPU.ActiveCfg = Release|Any CPU
		{A68DD201-B53D-4E05-957F-8D213570DABE}.Release|Any CPU.Build.0 = Release|Any CPU
		{0421AF76-0BCB-BFDF-40C1-2C58CCFA6E9C}.Debug|Any CPU.ActiveCfg = Debug|Any CPU
		{0421AF76-0BCB-BFDF-40C1-2C58CCFA6E9C}.Debug|Any CPU.Build.0 = Debug|Any CPU
		{0421AF76-0BCB-BFDF-40C1-2C58CCFA6E9C}.Release|Any CPU.ActiveCfg = Release|Any CPU
		{0421AF76-0BCB-BFDF-40C1-2C58CCFA6E9C}.Release|Any CPU.Build.0 = Release|Any CPU
	EndGlobalSection
	GlobalSection(SolutionProperties) = preSolution
		HideSolutionNode = FALSE
	EndGlobalSection
	GlobalSection(ExtensibilityGlobals) = postSolution
		SolutionGuid = {406851D7-5145-4EC2-803F-F125E4F65B0A}
	EndGlobalSection
EndGlobal
